// !$*UTF8*$!
{
	archiveVersion = 1;
	classes = {
	};
	objectVersion = 70;
	objects = {

/* Begin PBXBuildFile section */
		5695F11A2F36785500737EE3 /* Assets.xcassets in Resources */ = {isa = PBXBuildFile; fileRef = 5695F0D82F3676B000737EE3 /* Assets.xcassets */; };
		5695F11B2F36785500737EE3 /* LaunchScreen.storyboard in Resources */ = {isa = PBXBuildFile; fileRef = 5695F0DA2F3676B000737EE3 /* LaunchScreen.storyboard */; };
		5695F11F2F367F1200737EE3 /* Localizable.xcstrings in Resources */ = {isa = PBXBuildFile; fileRef = 5695F11E2F367F1200737EE3 /* Localizable.xcstrings */; };
/* End PBXBuildFile section */

/* Begin PBXContainerItemProxy section */
		56001A312F36A8140054EB1B /* PBXContainerItemProxy */ = {
			isa = PBXContainerItemProxy;
			containerPortal = A000000000000001 /* Project object */;
			proxyType = 1;
			remoteGlobalIDString = 6000000000000001;
			remoteInfo = MouseKit;
		};
/* End PBXContainerItemProxy section */

/* Begin PBXFileReference section */
		56001A2D2F36A8140054EB1B /* MouseKitTests.xctest */ = {isa = PBXFileReference; explicitFileType = wrapper.cfbundle; includeInIndex = 0; path = MouseKitTests.xctest; sourceTree = BUILT_PRODUCTS_DIR; };
		56001A3E2F36ACD50054EB1B /* MouseKit.xctestplan */ = {isa = PBXFileReference; lastKnownFileType = text; path = MouseKit.xctestplan; sourceTree = "<group>"; };
		5695F0D82F3676B000737EE3 /* Assets.xcassets */ = {isa = PBXFileReference; lastKnownFileType = folder.assetcatalog; path = Assets.xcassets; sourceTree = "<group>"; };
		5695F0D92F3676B000737EE3 /* Info.plist */ = {isa = PBXFileReference; lastKnownFileType = text.plist.xml; path = Info.plist; sourceTree = "<group>"; };
		5695F0DA2F3676B000737EE3 /* LaunchScreen.storyboard */ = {isa = PBXFileReference; lastKnownFileType = file.storyboard; path = LaunchScreen.storyboard; sourceTree = "<group>"; };
		5695F0DB2F3676B000737EE3 /* LICENSE.md */ = {isa = PBXFileReference; lastKnownFileType = net.daringfireball.markdown; path = LICENSE.md; sourceTree = "<group>"; };
		5695F0E22F3676B000737EE3 /* README.md */ = {isa = PBXFileReference; lastKnownFileType = net.daringfireball.markdown; path = README.md; sourceTree = "<group>"; };
		5695F0FE2F36774600737EE3 /* MouseKit.app */ = {isa = PBXFileReference; explicitFileType = wrapper.application; includeInIndex = 0; path = MouseKit.app; sourceTree = BUILT_PRODUCTS_DIR; };
		5695F11E2F367F1200737EE3 /* Localizable.xcstrings */ = {isa = PBXFileReference; lastKnownFileType = text.json.xcstrings; path = Localizable.xcstrings; sourceTree = "<group>"; };
		5695F1892F37431600737EE3 /* Gemfile */ = {isa = PBXFileReference; lastKnownFileType = text; path = Gemfile; sourceTree = "<group>"; };
		5695F18A2F37431600737EE3 /* Gemfile.lock */ = {isa = PBXFileReference; lastKnownFileType = text; path = Gemfile.lock; sourceTree = "<group>"; };
		5695F5942F3752D200737EE3 /* jenkins-run-tests */ = {isa = PBXFileReference; lastKnownFileType = text; path = "jenkins-run-tests"; sourceTree = "<group>"; };
		5695F5952F3752D200737EE3 /* jenkins-build-AppStore */ = {isa = PBXFileReference; lastKnownFileType = text; path = "jenkins-build-AppStore"; sourceTree = "<group>"; };
		5695F5962F3752D200737EE3 /* jenkins-build-testFlight */ = {isa = PBXFileReference; lastKnownFileType = text; path = "jenkins-build-testFlight"; sourceTree = "<group>"; };
		5695F5972F3752D200737EE3 /* jenkins-bump-version */ = {isa = PBXFileReference; lastKnownFileType = text; path = "jenkins-bump-version"; sourceTree = "<group>"; };
/* End PBXFileReference section */

/* Begin PBXFileSystemSynchronizedBuildFileExceptionSet section */
		5695F1002F36780600737EE3 /* PBXFileSystemSynchronizedBuildFileExceptionSet */ = {
			isa = PBXFileSystemSynchronizedBuildFileExceptionSet;
			membershipExceptions = (
				MouseKit.swift,
			);
			target = 6000000000000001 /* MouseKit */;
		};
		5695F1052F36780A00737EE3 /* PBXFileSystemSynchronizedBuildFileExceptionSet */ = {
			isa = PBXFileSystemSynchronizedBuildFileExceptionSet;
			membershipExceptions = (
				ConnectionState.swift,
				InputCommand.swift,
				InputMode.swift,
				SavedDevice.swift,
			);
			target = 6000000000000001 /* MouseKit */;
		};
		5695F1162F36781000737EE3 /* PBXFileSystemSynchronizedBuildFileExceptionSet */ = {
			isa = PBXFileSystemSynchronizedBuildFileExceptionSet;
			membershipExceptions = (
				Input/GestureProcessor.swift,
				Networking/ConnectionManager.swift,
				Networking/ProtocolEncoder.swift,
				Networking/TCPConnection.swift,
				Storage/DeviceStorage.swift,
			);
			target = 6000000000000001 /* MouseKit */;
		};
		5695F1172F36781000737EE3 /* PBXFileSystemSynchronizedBuildFileExceptionSet */ = {
			isa = PBXFileSystemSynchronizedBuildFileExceptionSet;
			membershipExceptions = (
				Constants.swift,
				DeviceInfo.swift,
			);
			target = 6000000000000001 /* MouseKit */;
		};
		5695F1182F36781000737EE3 /* PBXFileSystemSynchronizedBuildFileExceptionSet */ = {
			isa = PBXFileSystemSynchronizedBuildFileExceptionSet;
			membershipExceptions = (
				DeviceListViewModel.swift,
				InputViewModel.swift,
			);
			target = 6000000000000001 /* MouseKit */;
		};
		5695F1192F36781000737EE3 /* PBXFileSystemSynchronizedBuildFileExceptionSet */ = {
			isa = PBXFileSystemSynchronizedBuildFileExceptionSet;
			membershipExceptions = (
				Input/InputContainerView.swift,
				Input/KeyboardView.swift,
				Input/NumpadView.swift,
				Input/TouchpadView.swift,
				Main/AddDeviceView.swift,
				Main/DeviceListView.swift,
				Main/MainView.swift,
			);
			target = 6000000000000001 /* MouseKit */;
		};
/* End PBXFileSystemSynchronizedBuildFileExceptionSet section */

/* Begin PBXFileSystemSynchronizedRootGroup section */
		56001A2E2F36A8140054EB1B /* MouseKitTests */ = {isa = PBXFileSystemSynchronizedRootGroup; explicitFileTypes = {}; explicitFolders = (); path = MouseKitTests; sourceTree = "<group>"; };
		5695F0D72F3676B000737EE3 /* App */ = {isa = PBXFileSystemSynchronizedRootGroup; exceptions = (5695F1002F36780600737EE3 /* PBXFileSystemSynchronizedBuildFileExceptionSet */, ); explicitFileTypes = {}; explicitFolders = (); path = App; sourceTree = "<group>"; };
		5695F0E02F3676B000737EE3 /* Models */ = {isa = PBXFileSystemSynchronizedRootGroup; exceptions = (5695F1052F36780A00737EE3 /* PBXFileSystemSynchronizedBuildFileExceptionSet */, ); explicitFileTypes = {}; explicitFolders = (); path = Models; sourceTree = "<group>"; };
		5695F0EB2F3676B000737EE3 /* Services */ = {isa = PBXFileSystemSynchronizedRootGroup; exceptions = (5695F1162F36781000737EE3 /* PBXFileSystemSynchronizedBuildFileExceptionSet */, ); explicitFileTypes = {}; explicitFolders = (); path = Services; sourceTree = "<group>"; };
		5695F0EE2F3676B000737EE3 /* Utilities */ = {isa = PBXFileSystemSynchronizedRootGroup; exceptions = (5695F1172F36781000737EE3 /* PBXFileSystemSynchronizedBuildFileExceptionSet */, ); explicitFileTypes = {}; explicitFolders = (); path = Utilities; sourceTree = "<group>"; };
		5695F0F12F3676B000737EE3 /* ViewModels */ = {isa = PBXFileSystemSynchronizedRootGroup; exceptions = (5695F1182F36781000737EE3 /* PBXFileSystemSynchronizedBuildFileExceptionSet */, ); explicitFileTypes = {}; explicitFolders = (); path = ViewModels; sourceTree = "<group>"; };
		5695F0FB2F3676B000737EE3 /* Views */ = {isa = PBXFileSystemSynchronizedRootGroup; exceptions = (5695F1192F36781000737EE3 /* PBXFileSystemSynchronizedBuildFileExceptionSet */, ); explicitFileTypes = {}; explicitFolders = (); path = Views; sourceTree = "<group>"; };
		5695F1882F37431600737EE3 /* fastlane */ = {isa = PBXFileSystemSynchronizedRootGroup; explicitFileTypes = {Fastfile = text.script.ruby; }; explicitFolders = (); path = fastlane; sourceTree = "<group>"; };
/* End PBXFileSystemSynchronizedRootGroup section */

/* Begin PBXFrameworksBuildPhase section */
		4000000000000001 /* Frameworks */ = {
			isa = PBXFrameworksBuildPhase;
			buildActionMask = 2147483647;
			files = (
			);
			runOnlyForDeploymentPostprocessing = 0;
		};
		56001A2A2F36A8140054EB1B /* Frameworks */ = {
			isa = PBXFrameworksBuildPhase;
			buildActionMask = 2147483647;
			files = (
			);
			runOnlyForDeploymentPostprocessing = 0;
		};
/* End PBXFrameworksBuildPhase section */

/* Begin PBXGroup section */
		5000000000000001 = {
			isa = PBXGroup;
			children = (
				5695F5942F3752D200737EE3 /* jenkins-run-tests */,
				5695F5952F3752D200737EE3 /* jenkins-build-AppStore */,
				5695F5962F3752D200737EE3 /* jenkins-build-testFlight */,
				5695F5972F3752D200737EE3 /* jenkins-bump-version */,
				5695F1882F37431600737EE3 /* fastlane */,
				5695F1892F37431600737EE3 /* Gemfile */,
				5695F18A2F37431600737EE3 /* Gemfile.lock */,
				56001A3E2F36ACD50054EB1B /* MouseKit.xctestplan */,
				5695F11E2F367F1200737EE3 /* Localizable.xcstrings */,
				5695F0D72F3676B000737EE3 /* App */,
				5695F0D82F3676B000737EE3 /* Assets.xcassets */,
				5695F0D92F3676B000737EE3 /* Info.plist */,
				5695F0DA2F3676B000737EE3 /* LaunchScreen.storyboard */,
				5695F0DB2F3676B000737EE3 /* LICENSE.md */,
				5695F0E02F3676B000737EE3 /* Models */,
				5695F0E22F3676B000737EE3 /* README.md */,
				5695F0EB2F3676B000737EE3 /* Services */,
				5695F0EE2F3676B000737EE3 /* Utilities */,
				5695F0F12F3676B000737EE3 /* ViewModels */,
				5695F0FB2F3676B000737EE3 /* Views */,
				5695F0FE2F36774600737EE3 /* MouseKit.app */,
				56001A2D2F36A8140054EB1B /* MouseKitTests.xctest */,
				56001A2E2F36A8140054EB1B /* MouseKitTests */,
			);
			sourceTree = "<group>";
		};
/* End PBXGroup section */

/* Begin PBXNativeTarget section */
		56001A2C2F36A8140054EB1B /* MouseKitTests */ = {
			isa = PBXNativeTarget;
			buildConfigurationList = 56001A352F36A8140054EB1B /* Build configuration list for PBXNativeTarget "MouseKitTests" */;
			buildPhases = (
				56001A292F36A8140054EB1B /* Sources */,
				56001A2A2F36A8140054EB1B /* Frameworks */,
				56001A2B2F36A8140054EB1B /* Resources */,
			);
			buildRules = (
			);
			dependencies = (
				56001A322F36A8140054EB1B /* PBXTargetDependency */,
			);
			fileSystemSynchronizedGroups = (
				56001A2E2F36A8140054EB1B /* MouseKitTests */,
			);
			name = MouseKitTests;
			packageProductDependencies = (
			);
			productName = MouseKitTests;
			productReference = 56001A2D2F36A8140054EB1B /* MouseKitTests.xctest */;
			productType = "com.apple.product-type.bundle.unit-test";
		};
		6000000000000001 /* MouseKit */ = {
			isa = PBXNativeTarget;
			buildConfigurationList = 7000000000000001 /* Build configuration list for PBXNativeTarget "MouseKit" */;
			buildPhases = (
				8000000000000001 /* Sources */,
				4000000000000001 /* Frameworks */,
				9000000000000001 /* Resources */,
			);
			buildRules = (
			);
			dependencies = (
			);
			name = MouseKit;
			productName = MousedroidiOS;
			productReference = 5695F0FE2F36774600737EE3 /* MouseKit.app */;
			productType = "com.apple.product-type.application";
		};
/* End PBXNativeTarget section */

/* Begin PBXProject section */
		A000000000000001 /* Project object */ = {
			isa = PBXProject;
			attributes = {
				BuildIndependentTargetsInParallel = 1;
				LastSwiftUpdateCheck = 2620;
				LastUpgradeCheck = 2620;
				TargetAttributes = {
					56001A2C2F36A8140054EB1B = {
						CreatedOnToolsVersion = 26.2;
						TestTargetID = 6000000000000001;
					};
					6000000000000001 = {
						CreatedOnToolsVersion = 15.0;
					};
				};
			};
			buildConfigurationList = B000000000000001 /* Build configuration list for PBXProject "MouseKit" */;
			compatibilityVersion = "Xcode 14.0";
			developmentRegion = en;
			hasScannedForEncodings = 0;
			knownRegions = (
				en,
				Base,
			);
			mainGroup = 5000000000000001;
			productRefGroup = 5000000000000001;
			projectDirPath = "";
			projectRoot = "";
			targets = (
				6000000000000001 /* MouseKit */,
				56001A2C2F36A8140054EB1B /* MouseKitTests */,
			);
		};
/* End PBXProject section */

/* Begin PBXResourcesBuildPhase section */
		56001A2B2F36A8140054EB1B /* Resources */ = {
			isa = PBXResourcesBuildPhase;
			buildActionMask = 2147483647;
			files = (
			);
			runOnlyForDeploymentPostprocessing = 0;
		};
		9000000000000001 /* Resources */ = {
			isa = PBXResourcesBuildPhase;
			buildActionMask = 2147483647;
			files = (
				5695F11A2F36785500737EE3 /* Assets.xcassets in Resources */,
				5695F11B2F36785500737EE3 /* LaunchScreen.storyboard in Resources */,
				5695F11F2F367F1200737EE3 /* Localizable.xcstrings in Resources */,
			);
			runOnlyForDeploymentPostprocessing = 0;
		};
/* End PBXResourcesBuildPhase section */

/* Begin PBXSourcesBuildPhase section */
		56001A292F36A8140054EB1B /* Sources */ = {
			isa = PBXSourcesBuildPhase;
			buildActionMask = 2147483647;
			files = (
			);
			runOnlyForDeploymentPostprocessing = 0;
		};
		8000000000000001 /* Sources */ = {
			isa = PBXSourcesBuildPhase;
			buildActionMask = 2147483647;
			files = (
			);
			runOnlyForDeploymentPostprocessing = 0;
		};
/* End PBXSourcesBuildPhase section */

/* Begin PBXTargetDependency section */
		56001A322F36A8140054EB1B /* PBXTargetDependency */ = {
			isa = PBXTargetDependency;
			target = 6000000000000001 /* MouseKit */;
			targetProxy = 56001A312F36A8140054EB1B /* PBXContainerItemProxy */;
		};
/* End PBXTargetDependency section */

/* Begin XCBuildConfiguration section */
		56001A332F36A8140054EB1B /* Debug */ = {
			isa = XCBuildConfiguration;
			buildSettings = {
				BUNDLE_LOADER = "$(TEST_HOST)";
				CODE_SIGN_STYLE = Automatic;
				CURRENT_PROJECT_VERSION = 3;
				DEVELOPMENT_TEAM = 7GK97F9XRJ;
				GENERATE_INFOPLIST_FILE = YES;
				IPHONEOS_DEPLOYMENT_TARGET = 26.2;
				MARKETING_VERSION = 1.0;
				PRODUCT_BUNDLE_IDENTIFIER = com.Charlie.MouseKitTests;
				PRODUCT_NAME = "$(TARGET_NAME)";
				STRING_CATALOG_GENERATE_SYMBOLS = NO;
				SWIFT_APPROACHABLE_CONCURRENCY = YES;
				SWIFT_EMIT_LOC_STRINGS = NO;
				SWIFT_UPCOMING_FEATURE_MEMBER_IMPORT_VISIBILITY = YES;
				SWIFT_VERSION = 5.0;
				TARGETED_DEVICE_FAMILY = "1,2";
				TEST_HOST = "$(BUILT_PRODUCTS_DIR)/MouseKit.app/$(BUNDLE_EXECUTABLE_FOLDER_PATH)/MouseKit";
			};
			name = Debug;
		};
		56001A342F36A8140054EB1B /* Release */ = {
			isa = XCBuildConfiguration;
			buildSettings = {
				BUNDLE_LOADER = "$(TEST_HOST)";
				CODE_SIGN_STYLE = Automatic;
				CURRENT_PROJECT_VERSION = 3;
				DEVELOPMENT_TEAM = 7GK97F9XRJ;
				GENERATE_INFOPLIST_FILE = YES;
				IPHONEOS_DEPLOYMENT_TARGET = 26.2;
				MARKETING_VERSION = 1.0;
				PRODUCT_BUNDLE_IDENTIFIER = com.Charlie.MouseKitTests;
				PRODUCT_NAME = "$(TARGET_NAME)";
				STRING_CATALOG_GENERATE_SYMBOLS = NO;
				SWIFT_APPROACHABLE_CONCURRENCY = YES;
				SWIFT_EMIT_LOC_STRINGS = NO;
				SWIFT_UPCOMING_FEATURE_MEMBER_IMPORT_VISIBILITY = YES;
				SWIFT_VERSION = 5.0;
				TARGETED_DEVICE_FAMILY = "1,2";
				TEST_HOST = "$(BUILT_PRODUCTS_DIR)/MouseKit.app/$(BUNDLE_EXECUTABLE_FOLDER_PATH)/MouseKit";
			};
			name = Release;
		};
		C000000000000001 /* Debug */ = {
			isa = XCBuildConfiguration;
			buildSettings = {
				ALWAYS_SEARCH_USER_PATHS = NO;
				ASSETCATALOG_COMPILER_GENERATE_SWIFT_ASSET_SYMBOL_EXTENSIONS = YES;
				CLANG_ANALYZER_NONNULL = YES;
				CLANG_ANALYZER_NUMBER_OBJECT_CONVERSION = YES_AGGRESSIVE;
				CLANG_CXX_LANGUAGE_STANDARD = "gnu++20";
				CLANG_ENABLE_MODULES = YES;
				CLANG_ENABLE_OBJC_ARC = YES;
				CLANG_ENABLE_OBJC_WEAK = YES;
				CLANG_WARN_BLOCK_CAPTURE_AUTORELEASING = YES;
				CLANG_WARN_BOOL_CONVERSION = YES;
				CLANG_WARN_COMMA = YES;
				CLANG_WARN_CONSTANT_CONVERSION = YES;
				CLANG_WARN_DEPRECATED_OBJC_IMPLEMENTATIONS = YES;
				CLANG_WARN_DIRECT_OBJC_ISA_USAGE = YES_ERROR;
				CLANG_WARN_DOCUMENTATION_COMMENTS = YES;
				CLANG_WARN_EMPTY_BODY = YES;
				CLANG_WARN_ENUM_CONVERSION = YES;
				CLANG_WARN_INFINITE_RECURSION = YES;
				CLANG_WARN_INT_CONVERSION = YES;
				CLANG_WARN_NON_LITERAL_NULL_CONVERSION = YES;
				CLANG_WARN_OBJC_IMPLICIT_RETAIN_SELF = YES;
				CLANG_WARN_OBJC_LITERAL_CONVERSION = YES;
				CLANG_WARN_OBJC_ROOT_CLASS = YES_ERROR;
				CLANG_WARN_QUOTED_INCLUDE_IN_FRAMEWORK_HEADER = YES;
				CLANG_WARN_RANGE_LOOP_ANALYSIS = YES;
				CLANG_WARN_STRICT_PROTOTYPES = YES;
				CLANG_WARN_SUSPICIOUS_MOVE = YES;
				CLANG_WARN_UNGUARDED_AVAILABILITY = YES_AGGRESSIVE;
				CLANG_WARN_UNREACHABLE_CODE = YES;
				CLANG_WARN__DUPLICATE_METHOD_MATCH = YES;
				COPY_PHASE_STRIP = NO;
				DEBUG_INFORMATION_FORMAT = dwarf;
				ENABLE_STRICT_OBJC_MSGSEND = YES;
				ENABLE_TESTABILITY = YES;
				ENABLE_USER_SCRIPT_SANDBOXING = YES;
				GCC_C_LANGUAGE_STANDARD = gnu17;
				GCC_DYNAMIC_NO_PIC = NO;
				GCC_NO_COMMON_BLOCKS = YES;
				GCC_OPTIMIZATION_LEVEL = 0;
				GCC_PREPROCESSOR_DEFINITIONS = (
					"DEBUG=1",
					"$(inherited)",
				);
				GCC_WARN_64_TO_32_BIT_CONVERSION = YES;
				GCC_WARN_ABOUT_RETURN_TYPE = YES_ERROR;
				GCC_WARN_UNDECLARED_SELECTOR = YES;
				GCC_WARN_UNINITIALIZED_AUTOS = YES_AGGRESSIVE;
				GCC_WARN_UNUSED_FUNCTION = YES;
				GCC_WARN_UNUSED_VARIABLE = YES;
				IPHONEOS_DEPLOYMENT_TARGET = 15.0;
				LOCALIZATION_PREFERS_STRING_CATALOGS = YES;
				MTL_ENABLE_DEBUG_INFO = INCLUDE_SOURCE;
				MTL_FAST_MATH = YES;
				ONLY_ACTIVE_ARCH = YES;
				SDKROOT = iphoneos;
				STRING_CATALOG_GENERATE_SYMBOLS = YES;
				SWIFT_ACTIVE_COMPILATION_CONDITIONS = "DEBUG $(inherited)";
				SWIFT_EMIT_LOC_STRINGS = YES;
				SWIFT_OPTIMIZATION_LEVEL = "-Onone";
			};
			name = Debug;
		};
		C000000000000002 /* Release */ = {
			isa = XCBuildConfiguration;
			buildSettings = {
				ALWAYS_SEARCH_USER_PATHS = NO;
				ASSETCATALOG_COMPILER_GENERATE_SWIFT_ASSET_SYMBOL_EXTENSIONS = YES;
				CLANG_ANALYZER_NONNULL = YES;
				CLANG_ANALYZER_NUMBER_OBJECT_CONVERSION = YES_AGGRESSIVE;
				CLANG_CXX_LANGUAGE_STANDARD = "gnu++20";
				CLANG_ENABLE_MODULES = YES;
				CLANG_ENABLE_OBJC_ARC = YES;
				CLANG_ENABLE_OBJC_WEAK = YES;
				CLANG_WARN_BLOCK_CAPTURE_AUTORELEASING = YES;
				CLANG_WARN_BOOL_CONVERSION = YES;
				CLANG_WARN_COMMA = YES;
				CLANG_WARN_CONSTANT_CONVERSION = YES;
				CLANG_WARN_DEPRECATED_OBJC_IMPLEMENTATIONS = YES;
				CLANG_WARN_DIRECT_OBJC_ISA_USAGE = YES_ERROR;
				CLANG_WARN_DOCUMENTATION_COMMENTS = YES;
				CLANG_WARN_EMPTY_BODY = YES;
				CLANG_WARN_ENUM_CONVERSION = YES;
				CLANG_WARN_INFINITE_RECURSION = YES;
				CLANG_WARN_INT_CONVERSION = YES;
				CLANG_WARN_NON_LITERAL_NULL_CONVERSION = YES;
				CLANG_WARN_OBJC_IMPLICIT_RETAIN_SELF = YES;
				CLANG_WARN_OBJC_LITERAL_CONVERSION = YES;
				CLANG_WARN_OBJC_ROOT_CLASS = YES_ERROR;
				CLANG_WARN_QUOTED_INCLUDE_IN_FRAMEWORK_HEADER = YES;
				CLANG_WARN_RANGE_LOOP_ANALYSIS = YES;
				CLANG_WARN_STRICT_PROTOTYPES = YES;
				CLANG_WARN_SUSPICIOUS_MOVE = YES;
				CLANG_WARN_UNGUARDED_AVAILABILITY = YES_AGGRESSIVE;
				CLANG_WARN_UNREACHABLE_CODE = YES;
				CLANG_WARN__DUPLICATE_METHOD_MATCH = YES;
				COPY_PHASE_STRIP = NO;
				DEBUG_INFORMATION_FORMAT = "dwarf-with-dsym";
				ENABLE_NS_ASSERTIONS = NO;
				ENABLE_STRICT_OBJC_MSGSEND = YES;
				ENABLE_USER_SCRIPT_SANDBOXING = YES;
				GCC_C_LANGUAGE_STANDARD = gnu17;
				GCC_NO_COMMON_BLOCKS = YES;
				GCC_WARN_64_TO_32_BIT_CONVERSION = YES;
				GCC_WARN_ABOUT_RETURN_TYPE = YES_ERROR;
				GCC_WARN_UNDECLARED_SELECTOR = YES;
				GCC_WARN_UNINITIALIZED_AUTOS = YES_AGGRESSIVE;
				GCC_WARN_UNUSED_FUNCTION = YES;
				GCC_WARN_UNUSED_VARIABLE = YES;
				IPHONEOS_DEPLOYMENT_TARGET = 15.0;
				LOCALIZATION_PREFERS_STRING_CATALOGS = YES;
				MTL_ENABLE_DEBUG_INFO = NO;
				MTL_FAST_MATH = YES;
				SDKROOT = iphoneos;
				STRING_CATALOG_GENERATE_SYMBOLS = YES;
				SWIFT_COMPILATION_MODE = wholemodule;
				SWIFT_EMIT_LOC_STRINGS = YES;
				VALIDATE_PRODUCT = YES;
			};
			name = Release;
		};
		D000000000000001 /* Debug */ = {
			isa = XCBuildConfiguration;
			buildSettings = {
				ASSETCATALOG_COMPILER_APPICON_NAME = AppIcon;
				ASSETCATALOG_COMPILER_GLOBAL_ACCENT_COLOR_NAME = AccentColor;
				"CODE_SIGN_IDENTITY[sdk=iphoneos*]" = "iPhone Developer";
				CODE_SIGN_STYLE = Manual;
				CURRENT_PROJECT_VERSION = 3;
				DEVELOPMENT_ASSET_PATHS = "";
				DEVELOPMENT_TEAM = "";
				"DEVELOPMENT_TEAM[sdk=iphoneos*]" = 7GK97F9XRJ;
				ENABLE_PREVIEWS = YES;
				GENERATE_INFOPLIST_FILE = NO;
				INFOPLIST_FILE = Info.plist;
				INFOPLIST_KEY_LSApplicationCategoryType = "public.app-category.utilities";
				INFOPLIST_KEY_UIApplicationSceneManifest_Generation = YES;
				INFOPLIST_KEY_UIApplicationSupportsIndirectInputEvents = YES;
				INFOPLIST_KEY_UILaunchScreen_Generation = YES;
				INFOPLIST_KEY_UISupportedInterfaceOrientations = "UIInterfaceOrientationPortrait UIInterfaceOrientationLandscapeLeft UIInterfaceOrientationLandscapeRight";
				INFOPLIST_KEY_UISupportedInterfaceOrientations_iPad = "UIInterfaceOrientationPortrait UIInterfaceOrientationPortraitUpsideDown UIInterfaceOrientationLandscapeLeft UIInterfaceOrientationLandscapeRight";
				IPHONEOS_DEPLOYMENT_TARGET = 17.6;
				LD_RUNPATH_SEARCH_PATHS = (
					"$(inherited)",
					"@executable_path/Frameworks",
				);
				MARKETING_VERSION = 1.0;
				PRODUCT_BUNDLE_IDENTIFIER = com.mousekit.ios;
				PRODUCT_NAME = "$(TARGET_NAME)";
				PROVISIONING_PROFILE_SPECIFIER = "";
				"PROVISIONING_PROFILE_SPECIFIER[sdk=iphoneos*]" = "match Development com.mousekit.ios";
				SWIFT_EMIT_LOC_STRINGS = YES;
				SWIFT_VERSION = 6.0;
				TARGETED_DEVICE_FAMILY = "1,2";
			};
			name = Debug;
		};
		D000000000000002 /* Release */ = {
			isa = XCBuildConfiguration;
			buildSettings = {
				ASSETCATALOG_COMPILER_APPICON_NAME = AppIcon;
				ASSETCATALOG_COMPILER_GLOBAL_ACCENT_COLOR_NAME = AccentColor;
				"CODE_SIGN_IDENTITY[sdk=iphoneos*]" = "iPhone Distribution";
				CODE_SIGN_STYLE = Manual;
				CURRENT_PROJECT_VERSION = 3;
				DEVELOPMENT_ASSET_PATHS = "";
				DEVELOPMENT_TEAM = "";
				"DEVELOPMENT_TEAM[sdk=iphoneos*]" = 7GK97F9XRJ;
				ENABLE_PREVIEWS = YES;
				GENERATE_INFOPLIST_FILE = NO;
				INFOPLIST_FILE = Info.plist;
				INFOPLIST_KEY_LSApplicationCategoryType = "public.app-category.utilities";
				INFOPLIST_KEY_UIApplicationSceneManifest_Generation = YES;
				INFOPLIST_KEY_UIApplicationSupportsIndirectInputEvents = YES;
				INFOPLIST_KEY_UILaunchScreen_Generation = YES;
				INFOPLIST_KEY_UISupportedInterfaceOrientations = "UIInterfaceOrientationPortrait UIInterfaceOrientationLandscapeLeft UIInterfaceOrientationLandscapeRight";
				INFOPLIST_KEY_UISupportedInterfaceOrientations_iPad = "UIInterfaceOrientationPortrait UIInterfaceOrientationPortraitUpsideDown UIInterfaceOrientationLandscapeLeft UIInterfaceOrientationLandscapeRight";
				IPHONEOS_DEPLOYMENT_TARGET = 17.6;
				LD_RUNPATH_SEARCH_PATHS = (
					"$(inherited)",
					"@executable_path/Frameworks",
				);
				MARKETING_VERSION = 1.0;
				PRODUCT_BUNDLE_IDENTIFIER = com.mousekit.ios;
				PRODUCT_NAME = "$(TARGET_NAME)";
				PROVISIONING_PROFILE_SPECIFIER = "";
				"PROVISIONING_PROFILE_SPECIFIER[sdk=iphoneos*]" = "match AppStore com.mousekit.ios";
				SWIFT_EMIT_LOC_STRINGS = YES;
				SWIFT_VERSION = 6.0;
				TARGETED_DEVICE_FAMILY = "1,2";
			};
			name = Release;
		};
/* End XCBuildConfiguration section */

/* Begin XCConfigurationList section */
		56001A352F36A8140054EB1B /* Build configuration list for PBXNativeTarget "MouseKitTests" */ = {
			isa = XCConfigurationList;
			buildConfigurations = (
				56001A332F36A8140054EB1B /* Debug */,
				56001A342F36A8140054EB1B /* Release */,
			);
			defaultConfigurationIsVisible = 0;
			defaultConfigurationName = Release;
		};
		7000000000000001 /* Build configuration list for PBXNativeTarget "MouseKit" */ = {
			isa = XCConfigurationList;
			buildConfigurations = (
				D000000000000001 /* Debug */,
				D000000000000002 /* Release */,
			);
			defaultConfigurationIsVisible = 0;
			defaultConfigurationName = Release;
		};
		B000000000000001 /* Build configuration list for PBXProject "MouseKit" */ = {
			isa = XCConfigurationList;
			buildConfigurations = (
				C000000000000001 /* Debug */,
				C000000000000002 /* Release */,
			);
			defaultConfigurationIsVisible = 0;
			defaultConfigurationName = Release;
		};
/* End XCConfigurationList section */
	};
	rootObject = A000000000000001 /* Project object */;
}
